
Microsoft Visual Studio Solution File, Format Version 12.00
# Visual Studio Version 17
VisualStudioVersion = 17.5.33516.290
MinimumVisualStudioVersion = 10.0.40219.1
Project("{9A19103F-16F7-4668-BE54-9A1E7A4F7556}") = "Lab01", "Lab01\Lab01.csproj", "{24ED3B6C-6801-4136-9A66-5601FD451FB8}"
EndProject
Project("{9A19103F-16F7-4668-BE54-9A1E7A4F7556}") = "Lab02", "Lab02\Lab02.csproj", "{C430C497-B8AC-47DA-917C-E3B73A7601D1}"
EndProject
Global
	GlobalSection(SolutionConfigurationPlatforms) = preSolution
		Debug|Any CPU = Debug|Any CPU
		Release|Any CPU = Release|Any CPU
	EndGlobalSection
	GlobalSection(ProjectConfigurationPlatforms) = postSolution
		{24ED3B6C-6801-4136-9A66-5601FD451FB8}.Debug|Any CPU.ActiveCfg = Debug|Any CPU
		{24ED3B6C-6801-4136-9A66-5601FD451FB8}.Debug|Any CPU.Build.0 = Debug|Any CPU
		{24ED3B6C-6801-4136-9A66-5601FD451FB8}.Release|Any CPU.ActiveCfg = Release|Any CPU
		{24ED3B6C-6801-4136-9A66-5601FD451FB8}.Release|Any CPU.Build.0 = Release|Any CPU
		{C430C497-B8AC-47DA-917C-E3B73A7601D1}.Debug|Any CPU.ActiveCfg = Debug|Any CPU
		{C430C497-B8AC-47DA-917C-E3B73A7601D1}.Debug|Any CPU.Build.0 = Debug|Any CPU
		{C430C497-B8AC-47DA-917C-E3B73A7601D1}.Release|Any CPU.ActiveCfg = Release|Any CPU
		{C430C497-B8AC-47DA-917C-E3B73A7601D1}.Release|Any CPU.Build.0 = Release|Any CPU
	EndGlobalSection
	GlobalSection(SolutionProperties) = preSolution
		HideSolutionNode = FALSE
	EndGlobalSection
	GlobalSection(ExtensibilityGlobals) = postSolution
		SolutionGuid = {E5B4E34A-1B6A-4619-8ACF-B344D92640DB}
	EndGlobalSection
EndGlobal
